
Microsoft Visual Studio Solution File, Format Version 12.00
# Visual Studio Version 16
VisualStudioVersion = 16.0.30907.101
MinimumVisualStudioVersion = 10.0.40219.1
Project("{9A19103F-16F7-4668-BE54-9A1E7A4F7556}") = "RequestR.Extensions.Autofac", "RequestR.Extensions.Autofac\RequestR.Extensions.Autofac.csproj", "{AB9A73FF-9AD0-400C-84D4-D97B6B2BA87F}"
EndProject
Project("{FAE04EC0-301F-11D3-BF4B-00C04F79EFBC}") = "RequestR.Demo", "RequestR.Demo\RequestR.Demo.csproj", "{C007549A-1EA5-4CBE-B89B-22F492B2BD69}"
EndProject
Global
	GlobalSection(SolutionConfigurationPlatforms) = preSolution
		Debug|Any CPU = Debug|Any CPU
		Release|Any CPU = Release|Any CPU
	EndGlobalSection
	GlobalSection(ProjectConfigurationPlatforms) = postSolution
		{AB9A73FF-9AD0-400C-84D4-D97B6B2BA87F}.Debug|Any CPU.ActiveCfg = Debug|Any CPU
		{AB9A73FF-9AD0-400C-84D4-D97B6B2BA87F}.Debug|Any CPU.Build.0 = Debug|Any CPU
		{AB9A73FF-9AD0-400C-84D4-D97B6B2BA87F}.Release|Any CPU.ActiveCfg = Release|Any CPU
		{AB9A73FF-9AD0-400C-84D4-D97B6B2BA87F}.Release|Any CPU.Build.0 = Release|Any CPU
		{C007549A-1EA5-4CBE-B89B-22F492B2BD69}.Debug|Any CPU.ActiveCfg = Debug|Any CPU
		{C007549A-1EA5-4CBE-B89B-22F492B2BD69}.Debug|Any CPU.Build.0 = Debug|Any CPU
		{C007549A-1EA5-4CBE-B89B-22F492B2BD69}.Release|Any CPU.ActiveCfg = Release|Any CPU
		{C007549A-1EA5-4CBE-B89B-22F492B2BD69}.Release|Any CPU.Build.0 = Release|Any CPU
	EndGlobalSection
	GlobalSection(SolutionProperties) = preSolution
		HideSolutionNode = FALSE
	EndGlobalSection
	GlobalSection(ExtensibilityGlobals) = postSolution
		SolutionGuid = {00553E0F-1AC7-446D-8773-07FF594D1919}
	EndGlobalSection
EndGlobal
